github.com/akavel/rsrc v0.10.2 h1:Zxm8V5eI1hW4gGaYsJQUhxpjkENuG91ki8B4zCrvEsw=
github.com/akavel/rsrc v0.10.2/go.mod h1:uLoCtb9J+EyAqh+26kdrTgmzRBFPGOolLWKpdxkKq+c=
github.com/asticode/go-astikit v0.59.0 h1:tjbwDym+MTSxqkAhJoHRZmHMXK6Jv4vGx+97FptKH6k=
github.com/asticode/go-astikit v0.59.0/go.mod h1:fV43j20UZYfXzP9oBn33udkvCvDvCDhzjVqoLFuuYZE=
github.com/firebat20/go-astilectron v0.0.0-20260907022357-e8b864b81d72 h1:0ZePJ273cC/AvGu9gmsCbdIipjiUTNY56jb35QAdobY=
github.com/firebat20/go-astilectron v0.0.0-20260907022357-e8b864b81d72/go.mod h1:cMFJoL9UiAtfenTyYLhrFEPUIC7j+voOP5Am8lYU0PU=
github.com/firebat20/go-astilectron-bundler v0.0.0-20260919205123-4f96aba32a9b h1:7P9L65S34eyChT2X/UaKsDGSqnVYNppl+8BemDNlAk0=
github.com/firebat20/go-astilectron-bundler v0.0.0-20260919205123-4f96aba32a9b/go.mod h1:IZ/Q3Xtjgjv38aS4LgqeofN+0IRJ1EJ5LIRl+HCaj5Y=
github.com/firebat20/go-bindata v0.0.0-20260223060200-11071542feef h1:RzNiiaIMYiBQ57RAP4rkkPLi8OmLuyYJh0iPBOwRu4A=
github.com/firebat20/go-bindata v0.0.0-20260223060200-11071542feef/go.mod h1:1yDpc/yE5RukyUi5Zqc27bQsRqcafqQQzfToVz+qvic=
github.com/sam-kamerer/go-plister v1.2.0 h1:ZdEF1bhPUoGzwz5eFljw2K/A+oRXq/81jul/A3CHKEY=
github.com/sam-kamerer/go-plister v1.2.0/go.mod h1:gTt1Ko2oTA5bfDYsNcLjRGyyx6LPxHIeo0ZTtTRZG2I=
github.com/stretchr/testify v1.12.1 h1:EuwCh5fleGS7H32xRwO3wRGT7DxrDhLAT6FF8MpWDWE=
github.com/stretchr/testify v1.12.1/go.mod h1:MDEgiDPPsNp5cuIrHPPCyornHKgEVbtFUmoNlxoYthg=
go.yaml.in/yaml/v3 v3.0.5 h1:N6y/pJk8buWs9NY5ERU2HSMfm+IuD/OtfdAnq6kESPw=
go.yaml.in/yaml/v3 v3.0.5/go.mod h1:HVTZu1O7/Vkt2N+BFy8Zza+lnLsABggaTM2ZpNIGuKg=
